
Microsoft Visual Studio Solution File, Format Version 12.00
# Visual Studio 15
VisualStudioVersion = 15.0.27703.2026
MinimumVisualStudioVersion = 10.0.40219.1
Project("{FAE04EC0-301F-11D3-BF4B-00C04F79EFBC}") = "PW-projekt_zaliczeniowy", "PW-projekt_zaliczeniowy\PW-projekt_zaliczeniowy.csproj", "{80C98486-650A-458F-B669-D8D5515BBFE4}"
EndProject
Project("{FAE04EC0-301F-11D3-BF4B-00C04F79EFBC}") = "DAOMock1v2", "DAOMock1v2\DAOMock1v2.csproj", "{D1A9BC2A-3804-4BF5-A539-E2136F0611BA}"
EndProject
Project("{FAE04EC0-301F-11D3-BF4B-00C04F79EFBC}") = "DAOMock2v2", "DAOMock2v2\DAOMock2v2.csproj", "{1FC5D229-EAF6-4507-BADA-924C3B898278}"
EndProject
Project("{FAE04EC0-301F-11D3-BF4B-00C04F79EFBC}") = "DAOv2", "DAOv2\DAOv2.csproj", "{704E9848-AE77-4D99-AD07-9270CDEF0382}"
EndProject
Project("{FAE04EC0-301F-11D3-BF4B-00C04F79EFBC}") = "Corev2", "Corev2\Corev2.csproj", "{05F4E28D-0A6A-4693-9A05-85A4577D62AF}"
EndProject
Project("{FAE04EC0-301F-11D3-BF4B-00C04F79EFBC}") = "BusinessLogicv2", "BusinessLogicv2\BusinessLogicv2.csproj", "{3569792E-F066-438F-8C06-4B095CCFEDEC}"
EndProject
Project("{FAE04EC0-301F-11D3-BF4B-00C04F79EFBC}") = "Interfacesv2", "Interfacesv2\Interfacesv2.csproj", "{B4DEC2A6-0EBC-4398-A269-C0654958EC12}"
EndProject
Project("{FAE04EC0-301F-11D3-BF4B-00C04F79EFBC}") = "ConsoleUIv2", "ConsoleUIv2\ConsoleUIv2.csproj", "{92ED4B8E-8793-4E5E-B7A4-CDC5871D97FB}"
EndProject
Global
	GlobalSection(SolutionConfigurationPlatforms) = preSolution
		Debug|Any CPU = Debug|Any CPU
		Release|Any CPU = Release|Any CPU
	EndGlobalSection
	GlobalSection(ProjectConfigurationPlatforms) = postSolution
		{80C98486-650A-458F-B669-D8D5515BBFE4}.Debug|Any CPU.ActiveCfg = Debug|Any CPU
		{80C98486-650A-458F-B669-D8D5515BBFE4}.Debug|Any CPU.Build.0 = Debug|Any CPU
		{80C98486-650A-458F-B669-D8D5515BBFE4}.Release|Any CPU.ActiveCfg = Release|Any CPU
		{80C98486-650A-458F-B669-D8D5515BBFE4}.Release|Any CPU.Build.0 = Release|Any CPU
		{D1A9BC2A-3804-4BF5-A539-E2136F0611BA}.Debug|Any CPU.ActiveCfg = Debug|Any CPU
		{D1A9BC2A-3804-4BF5-A539-E2136F0611BA}.Debug|Any CPU.Build.0 = Debug|Any CPU
		{D1A9BC2A-3804-4BF5-A539-E2136F0611BA}.Release|Any CPU.ActiveCfg = Release|Any CPU
		{D1A9BC2A-3804-4BF5-A539-E2136F0611BA}.Release|Any CPU.Build.0 = Release|Any CPU
		{1FC5D229-EAF6-4507-BADA-924C3B898278}.Debug|Any CPU.ActiveCfg = Debug|Any CPU
		{1FC5D229-EAF6-4507-BADA-924C3B898278}.Debug|Any CPU.Build.0 = Debug|Any CPU
		{1FC5D229-EAF6-4507-BADA-924C3B898278}.Release|Any CPU.ActiveCfg = Release|Any CPU
		{1FC5D229-EAF6-4507-BADA-924C3B898278}.Release|Any CPU.Build.0 = Release|Any CPU
		{704E9848-AE77-4D99-AD07-9270CDEF0382}.Debug|Any CPU.ActiveCfg = Debug|Any CPU
		{704E9848-AE77-4D99-AD07-9270CDEF0382}.Debug|Any CPU.Build.0 = Debug|Any CPU
		{704E9848-AE77-4D99-AD07-9270CDEF0382}.Release|Any CPU.ActiveCfg = Release|Any CPU
		{704E9848-AE77-4D99-AD07-9270CDEF0382}.Release|Any CPU.Build.0 = Release|Any CPU
		{05F4E28D-0A6A-4693-9A05-85A4577D62AF}.Debug|Any CPU.ActiveCfg = Debug|Any CPU
		{05F4E28D-0A6A-4693-9A05-85A4577D62AF}.Debug|Any CPU.Build.0 = Debug|Any CPU
		{05F4E28D-0A6A-4693-9A05-85A4577D62AF}.Release|Any CPU.ActiveCfg = Release|Any CPU
		{05F4E28D-0A6A-4693-9A05-85A4577D62AF}.Release|Any CPU.Build.0 = Release|Any CPU
		{3569792E-F066-438F-8C06-4B095CCFEDEC}.Debug|Any CPU.ActiveCfg = Debug|Any CPU
		{3569792E-F066-438F-8C06-4B095CCFEDEC}.Debug|Any CPU.Build.0 = Debug|Any CPU
		{3569792E-F066-438F-8C06-4B095CCFEDEC}.Release|Any CPU.ActiveCfg = Release|Any CPU
		{3569792E-F066-438F-8C06-4B095CCFEDEC}.Release|Any CPU.Build.0 = Release|Any CPU
		{B4DEC2A6-0EBC-4398-A269-C0654958EC12}.Debug|Any CPU.ActiveCfg = Debug|Any CPU
		{B4DEC2A6-0EBC-4398-A269-C0654958EC12}.Debug|Any CPU.Build.0 = Debug|Any CPU
		{B4DEC2A6-0EBC-4398-A269-C0654958EC12}.Release|Any CPU.ActiveCfg = Release|Any CPU
		{B4DEC2A6-0EBC-4398-A269-C0654958EC12}.Release|Any CPU.Build.0 = Release|Any CPU
		{92ED4B8E-8793-4E5E-B7A4-CDC5871D97FB}.Debug|Any CPU.ActiveCfg = Debug|Any CPU
		{92ED4B8E-8793-4E5E-B7A4-CDC5871D97FB}.Debug|Any CPU.Build.0 = Debug|Any CPU
		{92ED4B8E-8793-4E5E-B7A4-CDC5871D97FB}.Release|Any CPU.ActiveCfg = Release|Any CPU
		{92ED4B8E-8793-4E5E-B7A4-CDC5871D97FB}.Release|Any CPU.Build.0 = Release|Any CPU
	EndGlobalSection
	GlobalSection(SolutionProperties) = preSolution
		HideSolutionNode = FALSE
	EndGlobalSection
	GlobalSection(ExtensibilityGlobals) = postSolution
		SolutionGuid = {6E5AB63F-E3D1-46D1-91A5-2BE1F4D9BEB9}
	EndGlobalSection
EndGlobal
